// !$*UTF8*$!
{
	archiveVersion = 1;
	classes = {
	};
	objectVersion = 50;
	objects = {

/* Begin PBXBuildFile section */
		FC2545DC21C1858D004B1588 /* ChooseAnimalViewController.swift in Sources */ = {isa = PBXBuildFile; fileRef = FC2545DB21C1858D004B1588 /* ChooseAnimalViewController.swift */; };
		FC2545EA21C19742004B1588 /* SpriteKit.framework in Frameworks */ = {isa = PBXBuildFile; fileRef = FC2545E921C19742004B1588 /* SpriteKit.framework */; };
		FC2545EF21C1978A004B1588 /* eagle-1.png in Resources */ = {isa = PBXBuildFile; fileRef = FC2545EB21C19789004B1588 /* eagle-1.png */; };
		FC2545F021C1978A004B1588 /* browncow.png in Resources */ = {isa = PBXBuildFile; fileRef = FC2545EC21C19789004B1588 /* browncow.png */; };
		FC2545F121C1978A004B1588 /* cat-1.png in Resources */ = {isa = PBXBuildFile; fileRef = FC2545ED21C1978A004B1588 /* cat-1.png */; };
		FC2545F221C1978A004B1588 /* bird1.png in Resources */ = {isa = PBXBuildFile; fileRef = FC2545EE21C1978A004B1588 /* bird1.png */; };
		FC2545F921C19DC2004B1588 /* jump.mp3 in Resources */ = {isa = PBXBuildFile; fileRef = FC2545F421C19DC1004B1588 /* jump.mp3 */; };
		FC2545FB21C19DC2004B1588 /* GameBGMusic.mp3 in Resources */ = {isa = PBXBuildFile; fileRef = FC2545F621C19DC1004B1588 /* GameBGMusic.mp3 */; };
		FC2545FC21C19DC2004B1588 /* powerupGained.mp3 in Resources */ = {isa = PBXBuildFile; fileRef = FC2545F721C19DC1004B1588 /* powerupGained.mp3 */; };
		FC2545FD21C19DC2004B1588 /* die.mp3 in Resources */ = {isa = PBXBuildFile; fileRef = FC2545F821C19DC1004B1588 /* die.mp3 */; };
		FC25467C21C2B615004B1588 /* AppDelegate.swift in Sources */ = {isa = PBXBuildFile; fileRef = FC25467B21C2B615004B1588 /* AppDelegate.swift */; };
		FC25468221C2B615004B1588 /* GameSceneTV.swift in Sources */ = {isa = PBXBuildFile; fileRef = FC25468121C2B615004B1588 /* GameSceneTV.swift */; };
		FC25468421C2B615004B1588 /* GameViewController.swift in Sources */ = {isa = PBXBuildFile; fileRef = FC25468321C2B615004B1588 /* GameViewController.swift */; };
		FC25468721C2B615004B1588 /* Main.storyboard in Resources */ = {isa = PBXBuildFile; fileRef = FC25468521C2B615004B1588 /* Main.storyboard */; };
		FC25468921C2B617004B1588 /* Assets.xcassets in Resources */ = {isa = PBXBuildFile; fileRef = FC25468821C2B617004B1588 /* Assets.xcassets */; };
		FC25469121C2B7AF004B1588 /* GameScene.swift in Sources */ = {isa = PBXBuildFile; fileRef = FCA92B8D219E158C00A3C839 /* GameScene.swift */; };
		FC25469221C2B7B2004B1588 /* GameScene.sks in Resources */ = {isa = PBXBuildFile; fileRef = FCA92B89219E158C00A3C839 /* GameScene.sks */; };
		FC25469321C2B7B5004B1588 /* Actions.sks in Resources */ = {isa = PBXBuildFile; fileRef = FCA92B8B219E158C00A3C839 /* Actions.sks */; };
		FC25469421C2B7B9004B1588 /* GameLogic.swift in Sources */ = {isa = PBXBuildFile; fileRef = FC51FEC821A9BF26002CB2A4 /* GameLogic.swift */; };
		FC25469521C2B7C8004B1588 /* die.mp3 in Resources */ = {isa = PBXBuildFile; fileRef = FC2545F821C19DC1004B1588 /* die.mp3 */; };
		FC25469621C2B7C8004B1588 /* GameBGMusic.mp3 in Resources */ = {isa = PBXBuildFile; fileRef = FC2545F621C19DC1004B1588 /* GameBGMusic.mp3 */; };
		FC25469721C2B7C8004B1588 /* jump.mp3 in Resources */ = {isa = PBXBuildFile; fileRef = FC2545F421C19DC1004B1588 /* jump.mp3 */; };
		FC25469821C2B7C8004B1588 /* powerupGained.mp3 in Resources */ = {isa = PBXBuildFile; fileRef = FC2545F721C19DC1004B1588 /* powerupGained.mp3 */; };
		FC25469921C2B7CB004B1588 /* bird1.png in Resources */ = {isa = PBXBuildFile; fileRef = FC2545EE21C1978A004B1588 /* bird1.png */; };
		FC25469A21C2B7CB004B1588 /* browncow.png in Resources */ = {isa = PBXBuildFile; fileRef = FC2545EC21C19789004B1588 /* browncow.png */; };
		FC25469B21C2B7CB004B1588 /* cat-1.png in Resources */ = {isa = PBXBuildFile; fileRef = FC2545ED21C1978A004B1588 /* cat-1.png */; };
		FC25469C21C2B7CB004B1588 /* eagle-1.png in Resources */ = {isa = PBXBuildFile; fileRef = FC2545EB21C19789004B1588 /* eagle-1.png */; };
		FC25469D21C2B7D4004B1588 /* Animals.atlas in Resources */ = {isa = PBXBuildFile; fileRef = FC51FEF821A9C8F7002CB2A4 /* Animals.atlas */; };
		FC25469E21C2B7DE004B1588 /* Assets.xcassets in Resources */ = {isa = PBXBuildFile; fileRef = FCA92B94219E158D00A3C839 /* Assets.xcassets */; };
		FC51FEC921A9BF26002CB2A4 /* GameLogic.swift in Sources */ = {isa = PBXBuildFile; fileRef = FC51FEC821A9BF26002CB2A4 /* GameLogic.swift */; };
		FC51FEF921A9C8F7002CB2A4 /* Animals.atlas in Resources */ = {isa = PBXBuildFile; fileRef = FC51FEF821A9C8F7002CB2A4 /* Animals.atlas */; };
		FCA92B88219E158C00A3C839 /* AppDelegate.swift in Sources */ = {isa = PBXBuildFile; fileRef = FCA92B87219E158C00A3C839 /* AppDelegate.swift */; };
		FCA92B8A219E158C00A3C839 /* GameScene.sks in Resources */ = {isa = PBXBuildFile; fileRef = FCA92B89219E158C00A3C839 /* GameScene.sks */; };
		FCA92B8C219E158C00A3C839 /* Actions.sks in Resources */ = {isa = PBXBuildFile; fileRef = FCA92B8B219E158C00A3C839 /* Actions.sks */; };
		FCA92B8E219E158C00A3C839 /* GameScene.swift in Sources */ = {isa = PBXBuildFile; fileRef = FCA92B8D219E158C00A3C839 /* GameScene.swift */; };
		FCA92B90219E158C00A3C839 /* GameViewController.swift in Sources */ = {isa = PBXBuildFile; fileRef = FCA92B8F219E158C00A3C839 /* GameViewController.swift */; };
		FCA92B93219E158C00A3C839 /* Main.storyboard in Resources */ = {isa = PBXBuildFile; fileRef = FCA92B91219E158C00A3C839 /* Main.storyboard */; };
		FCA92B95219E158D00A3C839 /* Assets.xcassets in Resources */ = {isa = PBXBuildFile; fileRef = FCA92B94219E158D00A3C839 /* Assets.xcassets */; };
		FCA92B98219E158D00A3C839 /* LaunchScreen.storyboard in Resources */ = {isa = PBXBuildFile; fileRef = FCA92B96219E158D00A3C839 /* LaunchScreen.storyboard */; };
		FCA92BA5219E17CC00A3C839 /* Interface.storyboard in Resources */ = {isa = PBXBuildFile; fileRef = FCA92BA3219E17CC00A3C839 /* Interface.storyboard */; };
		FCA92BA7219E17CD00A3C839 /* Assets.xcassets in Resources */ = {isa = PBXBuildFile; fileRef = FCA92BA6219E17CD00A3C839 /* Assets.xcassets */; };
		FCA92BAE219E17CE00A3C839 /* AnimalFlappersWK Extension.appex in Embed App Extensions */ = {isa = PBXBuildFile; fileRef = FCA92BAD219E17CE00A3C839 /* AnimalFlappersWK Extension.appex */; settings = {ATTRIBUTES = (RemoveHeadersOnCopy, ); }; };
		FCA92BB3219E17CE00A3C839 /* InterfaceController.swift in Sources */ = {isa = PBXBuildFile; fileRef = FCA92BB2219E17CE00A3C839 /* InterfaceController.swift */; };
		FCA92BB5219E17CE00A3C839 /* ExtensionDelegate.swift in Sources */ = {isa = PBXBuildFile; fileRef = FCA92BB4219E17CE00A3C839 /* ExtensionDelegate.swift */; };
		FCA92BB7219E17CE00A3C839 /* NotificationController.swift in Sources */ = {isa = PBXBuildFile; fileRef = FCA92BB6219E17CE00A3C839 /* NotificationController.swift */; };
		FCA92BB9219E17CE00A3C839 /* Assets.xcassets in Resources */ = {isa = PBXBuildFile; fileRef = FCA92BB8219E17CE00A3C839 /* Assets.xcassets */; };
		FCA92BBE219E17CE00A3C839 /* AnimalFlappersWK.app in Embed Watch Content */ = {isa = PBXBuildFile; fileRef = FCA92BA1219E17CC00A3C839 /* AnimalFlappersWK.app */; };
		FCA92BCC219F22D700A3C839 /* HomeViewController.swift in Sources */ = {isa = PBXBuildFile; fileRef = FCA92BCB219F22D700A3C839 /* HomeViewController.swift */; };
		FCF897CA21BC3A2100FECD93 /* LevelSelectorViewController.swift in Sources */ = {isa = PBXBuildFile; fileRef = FCF897C921BC3A2100FECD93 /* LevelSelectorViewController.swift */; };
/* End PBXBuildFile section */

/* Begin PBXContainerItemProxy section */
		FCA92BAF219E17CE00A3C839 /* PBXContainerItemProxy */ = {
			isa = PBXContainerItemProxy;
			containerPortal = FCA92B7C219E158C00A3C839 /* Project object */;
			proxyType = 1;
			remoteGlobalIDString = FCA92BAC219E17CE00A3C839;
			remoteInfo = "AnimalFlappersWK Extension";
		};
		FCA92BBC219E17CE00A3C839 /* PBXContainerItemProxy */ = {
			isa = PBXContainerItemProxy;
			containerPortal = FCA92B7C219E158C00A3C839 /* Project object */;
			proxyType = 1;
			remoteGlobalIDString = FCA92BA0219E17CC00A3C839;
			remoteInfo = AnimalFlappersWK;
		};
/* End PBXContainerItemProxy section */

/* Begin PBXCopyFilesBuildPhase section */
		FCA92BC2219E17CE00A3C839 /* Embed App Extensions */ = {
			isa = PBXCopyFilesBuildPhase;
			buildActionMask = 2147483647;
			dstPath = "";
			dstSubfolderSpec = 13;
			files = (
				FCA92BAE219E17CE00A3C839 /* AnimalFlappersWK Extension.appex in Embed App Extensions */,
			);
			name = "Embed App Extensions";
			runOnlyForDeploymentPostprocessing = 0;
		};
		FCA92BC6219E17CE00A3C839 /* Embed Watch Content */ = {
			isa = PBXCopyFilesBuildPhase;
			buildActionMask = 2147483647;
			dstPath = "$(CONTENTS_FOLDER_PATH)/Watch";
			dstSubfolderSpec = 16;
			files = (
				FCA92BBE219E17CE00A3C839 /* AnimalFlappersWK.app in Embed Watch Content */,
			);
			name = "Embed Watch Content";
			runOnlyForDeploymentPostprocessing = 0;
		};
/* End PBXCopyFilesBuildPhase section */

/* Begin PBXFileReference section */
		FC2545DB21C1858D004B1588 /* ChooseAnimalViewController.swift */ = {isa = PBXFileReference; lastKnownFileType = sourcecode.swift; path = ChooseAnimalViewController.swift; sourceTree = "<group>"; };
		FC2545E921C19742004B1588 /* SpriteKit.framework */ = {isa = PBXFileReference; lastKnownFileType = wrapper.framework; name = SpriteKit.framework; path = System/Library/Frameworks/SpriteKit.framework; sourceTree = SDKROOT; };
		FC2545EB21C19789004B1588 /* eagle-1.png */ = {isa = PBXFileReference; lastKnownFileType = image.png; path = "eagle-1.png"; sourceTree = "<group>"; };
		FC2545EC21C19789004B1588 /* browncow.png */ = {isa = PBXFileReference; lastKnownFileType = image.png; path = browncow.png; sourceTree = "<group>"; };
		FC2545ED21C1978A004B1588 /* cat-1.png */ = {isa = PBXFileReference; lastKnownFileType = image.png; path = "cat-1.png"; sourceTree = "<group>"; };
		FC2545EE21C1978A004B1588 /* bird1.png */ = {isa = PBXFileReference; lastKnownFileType = image.png; path = bird1.png; sourceTree = "<group>"; };
		FC2545F421C19DC1004B1588 /* jump.mp3 */ = {isa = PBXFileReference; lastKnownFileType = audio.mp3; path = jump.mp3; sourceTree = "<group>"; };
		FC2545F621C19DC1004B1588 /* GameBGMusic.mp3 */ = {isa = PBXFileReference; lastKnownFileType = audio.mp3; path = GameBGMusic.mp3; sourceTree = "<group>"; };
		FC2545F721C19DC1004B1588 /* powerupGained.mp3 */ = {isa = PBXFileReference; lastKnownFileType = audio.mp3; path = powerupGained.mp3; sourceTree = "<group>"; };
		FC2545F821C19DC1004B1588 /* die.mp3 */ = {isa = PBXFileReference; lastKnownFileType = audio.mp3; path = die.mp3; sourceTree = "<group>"; };
		FC25466721C1AE44004B1588 /* SpriteKit.framework */ = {isa = PBXFileReference; lastKnownFileType = wrapper.framework; name = SpriteKit.framework; path = Platforms/AppleTVOS.platform/Developer/SDKs/AppleTVOS12.1.sdk/System/Library/Frameworks/SpriteKit.framework; sourceTree = DEVELOPER_DIR; };
		FC25467921C2B615004B1588 /* AnimalFlappersTV.app */ = {isa = PBXFileReference; explicitFileType = wrapper.application; includeInIndex = 0; path = AnimalFlappersTV.app; sourceTree = BUILT_PRODUCTS_DIR; };
		FC25467B21C2B615004B1588 /* AppDelegate.swift */ = {isa = PBXFileReference; lastKnownFileType = sourcecode.swift; path = AppDelegate.swift; sourceTree = "<group>"; };
		FC25468121C2B615004B1588 /* GameSceneTV.swift */ = {isa = PBXFileReference; lastKnownFileType = sourcecode.swift; path = GameSceneTV.swift; sourceTree = "<group>"; };
		FC25468321C2B615004B1588 /* GameViewController.swift */ = {isa = PBXFileReference; lastKnownFileType = sourcecode.swift; path = GameViewController.swift; sourceTree = "<group>"; };
		FC25468621C2B615004B1588 /* Base */ = {isa = PBXFileReference; lastKnownFileType = file.storyboard; name = Base; path = Base.lproj/Main.storyboard; sourceTree = "<group>"; };
		FC25468821C2B617004B1588 /* Assets.xcassets */ = {isa = PBXFileReference; lastKnownFileType = folder.assetcatalog; path = Assets.xcassets; sourceTree = "<group>"; };
		FC25468A21C2B617004B1588 /* Info.plist */ = {isa = PBXFileReference; lastKnownFileType = text.plist.xml; path = Info.plist; sourceTree = "<group>"; };
		FC51FEC821A9BF26002CB2A4 /* GameLogic.swift */ = {isa = PBXFileReference; lastKnownFileType = sourcecode.swift; path = GameLogic.swift; sourceTree = "<group>"; };
		FC51FEF821A9C8F7002CB2A4 /* Animals.atlas */ = {isa = PBXFileReference; lastKnownFileType = folder.skatlas; path = Animals.atlas; sourceTree = "<group>"; };
		FCA92B84219E158C00A3C839 /* AnimalFlappers.app */ = {isa = PBXFileReference; explicitFileType = wrapper.application; includeInIndex = 0; path = AnimalFlappers.app; sourceTree = BUILT_PRODUCTS_DIR; };
		FCA92B87219E158C00A3C839 /* AppDelegate.swift */ = {isa = PBXFileReference; lastKnownFileType = sourcecode.swift; path = AppDelegate.swift; sourceTree = "<group>"; };
		FCA92B89219E158C00A3C839 /* GameScene.sks */ = {isa = PBXFileReference; lastKnownFileType = file.sks; path = GameScene.sks; sourceTree = "<group>"; };
		FCA92B8B219E158C00A3C839 /* Actions.sks */ = {isa = PBXFileReference; lastKnownFileType = file.sks; path = Actions.sks; sourceTree = "<group>"; };
		FCA92B8D219E158C00A3C839 /* GameScene.swift */ = {isa = PBXFileReference; lastKnownFileType = sourcecode.swift; path = GameScene.swift; sourceTree = "<group>"; };
		FCA92B8F219E158C00A3C839 /* GameViewController.swift */ = {isa = PBXFileReference; lastKnownFileType = sourcecode.swift; path = GameViewController.swift; sourceTree = "<group>"; };
		FCA92B92219E158C00A3C839 /* Base */ = {isa = PBXFileReference; lastKnownFileType = file.storyboard; name = Base; path = Base.lproj/Main.storyboard; sourceTree = "<group>"; };
		FCA92B94219E158D00A3C839 /* Assets.xcassets */ = {isa = PBXFileReference; lastKnownFileType = folder.assetcatalog; path = Assets.xcassets; sourceTree = "<group>"; };
		FCA92B97219E158D00A3C839 /* Base */ = {isa = PBXFileReference; lastKnownFileType = file.storyboard; name = Base; path = Base.lproj/LaunchScreen.storyboard; sourceTree = "<group>"; };
		FCA92B99219E158D00A3C839 /* Info.plist */ = {isa = PBXFileReference; lastKnownFileType = text.plist.xml; path = Info.plist; sourceTree = "<group>"; };
		FCA92BA1219E17CC00A3C839 /* AnimalFlappersWK.app */ = {isa = PBXFileReference; explicitFileType = wrapper.application; includeInIndex = 0; path = AnimalFlappersWK.app; sourceTree = BUILT_PRODUCTS_DIR; };
		FCA92BA4219E17CC00A3C839 /* Base */ = {isa = PBXFileReference; lastKnownFileType = file.storyboard; name = Base; path = Base.lproj/Interface.storyboard; sourceTree = "<group>"; };
		FCA92BA6219E17CD00A3C839 /* Assets.xcassets */ = {isa = PBXFileReference; lastKnownFileType = folder.assetcatalog; path = Assets.xcassets; sourceTree = "<group>"; };
		FCA92BA8219E17CD00A3C839 /* Info.plist */ = {isa = PBXFileReference; lastKnownFileType = text.plist.xml; path = Info.plist; sourceTree = "<group>"; };
		FCA92BAD219E17CE00A3C839 /* AnimalFlappersWK Extension.appex */ = {isa = PBXFileReference; explicitFileType = "wrapper.app-extension"; includeInIndex = 0; path = "AnimalFlappersWK Extension.appex"; sourceTree = BUILT_PRODUCTS_DIR; };
		FCA92BB2219E17CE00A3C839 /* InterfaceController.swift */ = {isa = PBXFileReference; lastKnownFileType = sourcecode.swift; path = InterfaceController.swift; sourceTree = "<group>"; };
		FCA92BB4219E17CE00A3C839 /* ExtensionDelegate.swift */ = {isa = PBXFileReference; lastKnownFileType = sourcecode.swift; path = ExtensionDelegate.swift; sourceTree = "<group>"; };
		FCA92BB6219E17CE00A3C839 /* NotificationController.swift */ = {isa = PBXFileReference; lastKnownFileType = sourcecode.swift; path = NotificationController.swift; sourceTree = "<group>"; };
		FCA92BB8219E17CE00A3C839 /* Assets.xcassets */ = {isa = PBXFileReference; lastKnownFileType = folder.assetcatalog; path = Assets.xcassets; sourceTree = "<group>"; };
		FCA92BBA219E17CE00A3C839 /* Info.plist */ = {isa = PBXFileReference; lastKnownFileType = text.plist.xml; path = Info.plist; sourceTree = "<group>"; };
		FCA92BBB219E17CE00A3C839 /* PushNotificationPayload.apns */ = {isa = PBXFileReference; lastKnownFileType = text; path = PushNotificationPayload.apns; sourceTree = "<group>"; };
		FCA92BCB219F22D700A3C839 /* HomeViewController.swift */ = {isa = PBXFileReference; lastKnownFileType = sourcecode.swift; path = HomeViewController.swift; sourceTree = "<group>"; };
		FCF897C921BC3A2100FECD93 /* LevelSelectorViewController.swift */ = {isa = PBXFileReference; lastKnownFileType = sourcecode.swift; path = LevelSelectorViewController.swift; sourceTree = "<group>"; };
/* End PBXFileReference section */

/* Begin PBXFrameworksBuildPhase section */
		FC25467621C2B615004B1588 /* Frameworks */ = {
			isa = PBXFrameworksBuildPhase;
			buildActionMask = 2147483647;
			files = (
			);
			runOnlyForDeploymentPostprocessing = 0;
		};
		FCA92B81219E158C00A3C839 /* Frameworks */ = {
			isa = PBXFrameworksBuildPhase;
			buildActionMask = 2147483647;
			files = (
				FC2545EA21C19742004B1588 /* SpriteKit.framework in Frameworks */,
			);
			runOnlyForDeploymentPostprocessing = 0;
		};
		FCA92BAA219E17CE00A3C839 /* Frameworks */ = {
			isa = PBXFrameworksBuildPhase;
			buildActionMask = 2147483647;
			files = (
			);
			runOnlyForDeploymentPostprocessing = 0;
		};
/* End PBXFrameworksBuildPhase section */

/* Begin PBXGroup section */
		FC2545DF21C194BB004B1588 /* PreviewImages */ = {
			isa = PBXGroup;
			children = (
				FC2545EE21C1978A004B1588 /* bird1.png */,
				FC2545EC21C19789004B1588 /* browncow.png */,
				FC2545ED21C1978A004B1588 /* cat-1.png */,
				FC2545EB21C19789004B1588 /* eagle-1.png */,
			);
			path = PreviewImages;
			sourceTree = "<group>";
		};
		FC2545E821C19742004B1588 /* Frameworks */ = {
			isa = PBXGroup;
			children = (
				FC25466721C1AE44004B1588 /* SpriteKit.framework */,
				FC2545E921C19742004B1588 /* SpriteKit.framework */,
			);
			name = Frameworks;
			sourceTree = "<group>";
		};
		FC2545F321C19DA9004B1588 /* Sounds */ = {
			isa = PBXGroup;
			children = (
				FC2545F821C19DC1004B1588 /* die.mp3 */,
				FC2545F621C19DC1004B1588 /* GameBGMusic.mp3 */,
				FC2545F421C19DC1004B1588 /* jump.mp3 */,
				FC2545F721C19DC1004B1588 /* powerupGained.mp3 */,
			);
			path = Sounds;
			sourceTree = "<group>";
		};
		FC25466421C1AD58004B1588 /* SharedGameAssets */ = {
			isa = PBXGroup;
			children = (
				FCA92B8D219E158C00A3C839 /* GameScene.swift */,
				FC25467421C2B522004B1588 /* SpriteKit */,
				FCA92B94219E158D00A3C839 /* Assets.xcassets */,
				FC25466621C1AE01004B1588 /* Classes */,
				FC2545F321C19DA9004B1588 /* Sounds */,
				FC2545DF21C194BB004B1588 /* PreviewImages */,
				FC51FEF821A9C8F7002CB2A4 /* Animals.atlas */,
			);
			path = SharedGameAssets;
			sourceTree = "<group>";
		};
		FC25466621C1AE01004B1588 /* Classes */ = {
			isa = PBXGroup;
			children = (
				FC51FEC821A9BF26002CB2A4 /* GameLogic.swift */,
			);
			path = Classes;
			sourceTree = "<group>";
		};
		FC25467421C2B522004B1588 /* SpriteKit */ = {
			isa = PBXGroup;
			children = (
				FCA92B89219E158C00A3C839 /* GameScene.sks */,
				FCA92B8B219E158C00A3C839 /* Actions.sks */,
			);
			path = SpriteKit;
			sourceTree = "<group>";
		};
		FC25467A21C2B615004B1588 /* AnimalFlappersTV */ = {
			isa = PBXGroup;
			children = (
				FC2546A021C2BBCA004B1588 /* Storyboard */,
				FC25468F21C2B665004B1588 /* View Controllers */,
				FC25468E21C2B64E004B1588 /* Classes */,
				FC25468821C2B617004B1588 /* Assets.xcassets */,
				FC25468A21C2B617004B1588 /* Info.plist */,
			);
			path = AnimalFlappersTV;
			sourceTree = "<group>";
		};
		FC25468E21C2B64E004B1588 /* Classes */ = {
			isa = PBXGroup;
			children = (
				FC25467B21C2B615004B1588 /* AppDelegate.swift */,
				FC25468121C2B615004B1588 /* GameSceneTV.swift */,
			);
			path = Classes;
			sourceTree = "<group>";
		};
		FC25468F21C2B665004B1588 /* View Controllers */ = {
			isa = PBXGroup;
			children = (
				FC25468321C2B615004B1588 /* GameViewController.swift */,
			);
			path = "View Controllers";
			sourceTree = "<group>";
		};
		FC2546A021C2BBCA004B1588 /* Storyboard */ = {
			isa = PBXGroup;
			children = (
				FC25468521C2B615004B1588 /* Main.storyboard */,
			);
			path = Storyboard;
			sourceTree = "<group>";
		};
		FCA92B7B219E158C00A3C839 = {
			isa = PBXGroup;
			children = (
				FC25466421C1AD58004B1588 /* SharedGameAssets */,
				FCA92B86219E158C00A3C839 /* AnimalFlappers */,
				FCA92BA2219E17CC00A3C839 /* AnimalFlappersWK */,
				FCA92BB1219E17CE00A3C839 /* AnimalFlappersWK Extension */,
				FC25467A21C2B615004B1588 /* AnimalFlappersTV */,
				FCA92B85219E158C00A3C839 /* Products */,
				FC2545E821C19742004B1588 /* Frameworks */,
			);
			sourceTree = "<group>";
		};
		FCA92B85219E158C00A3C839 /* Products */ = {
			isa = PBXGroup;
			children = (
				FCA92B84219E158C00A3C839 /* AnimalFlappers.app */,
				FCA92BA1219E17CC00A3C839 /* AnimalFlappersWK.app */,
				FCA92BAD219E17CE00A3C839 /* AnimalFlappersWK Extension.appex */,
				FC25467921C2B615004B1588 /* AnimalFlappersTV.app */,
			);
			name = Products;
			sourceTree = "<group>";
		};
		FCA92B86219E158C00A3C839 /* AnimalFlappers */ = {
			isa = PBXGroup;
			children = (
				FCA92BCA219F227800A3C839 /* Storyboards */,
				FCA92BC8219F221300A3C839 /* View Controllers */,
				FCA92BC7219F21EA00A3C839 /* Classes */,
				FCA92B99219E158D00A3C839 /* Info.plist */,
			);
			path = AnimalFlappers;
			sourceTree = "<group>";
		};
		FCA92BA2219E17CC00A3C839 /* AnimalFlappersWK */ = {
			isa = PBXGroup;
			children = (
				FCA92BA3219E17CC00A3C839 /* Interface.storyboard */,
				FCA92BA6219E17CD00A3C839 /* Assets.xcassets */,
				FCA92BA8219E17CD00A3C839 /* Info.plist */,
			);
			path = AnimalFlappersWK;
			sourceTree = "<group>";
		};
		FCA92BB1219E17CE00A3C839 /* AnimalFlappersWK Extension */ = {
			isa = PBXGroup;
			children = (
				FCA92BB2219E17CE00A3C839 /* InterfaceController.swift */,
				FCA92BB4219E17CE00A3C839 /* ExtensionDelegate.swift */,
				FCA92BB6219E17CE00A3C839 /* NotificationController.swift */,
				FCA92BB8219E17CE00A3C839 /* Assets.xcassets */,
				FCA92BBA219E17CE00A3C839 /* Info.plist */,
				FCA92BBB219E17CE00A3C839 /* PushNotificationPayload.apns */,
			);
			path = "AnimalFlappersWK Extension";
			sourceTree = "<group>";
		};
		FCA92BC7219F21EA00A3C839 /* Classes */ = {
			isa = PBXGroup;
			children = (
				FCA92B87219E158C00A3C839 /* AppDelegate.swift */,
			);
			path = Classes;
			sourceTree = "<group>";
		};
		FCA92BC8219F221300A3C839 /* View Controllers */ = {
			isa = PBXGroup;
			children = (
				FCA92B8F219E158C00A3C839 /* GameViewController.swift */,
				FCA92BCB219F22D700A3C839 /* HomeViewController.swift */,
				FCF897C921BC3A2100FECD93 /* LevelSelectorViewController.swift */,
				FC2545DB21C1858D004B1588 /* ChooseAnimalViewController.swift */,
			);
			path = "View Controllers";
			sourceTree = "<group>";
		};
		FCA92BCA219F227800A3C839 /* Storyboards */ = {
			isa = PBXGroup;
			children = (
				FCA92B96219E158D00A3C839 /* LaunchScreen.storyboard */,
				FCA92B91219E158C00A3C839 /* Main.storyboard */,
			);
			path = Storyboards;
			sourceTree = "<group>";
		};
/* End PBXGroup section */

/* Begin PBXNativeTarget section */
		FC25467821C2B615004B1588 /* AnimalFlappersTV */ = {
			isa = PBXNativeTarget;
			buildConfigurationList = FC25468B21C2B617004B1588 /* Build configuration list for PBXNativeTarget "AnimalFlappersTV" */;
			buildPhases = (
				FC25467521C2B615004B1588 /* Sources */,
				FC25467621C2B615004B1588 /* Frameworks */,
				FC25467721C2B615004B1588 /* Resources */,
			);
			buildRules = (
			);
			dependencies = (
			);
			name = AnimalFlappersTV;
			productName = AnimalFlappersTV;
			productReference = FC25467921C2B615004B1588 /* AnimalFlappersTV.app */;
			productType = "com.apple.product-type.application";
		};
		FCA92B83219E158C00A3C839 /* AnimalFlappers */ = {
			isa = PBXNativeTarget;
			buildConfigurationList = FCA92B9C219E158D00A3C839 /* Build configuration list for PBXNativeTarget "AnimalFlappers" */;
			buildPhases = (
				FCA92B80219E158C00A3C839 /* Sources */,
				FCA92B81219E158C00A3C839 /* Frameworks */,
				FCA92B82219E158C00A3C839 /* Resources */,
				FCA92BC6219E17CE00A3C839 /* Embed Watch Content */,
			);
			buildRules = (
			);
			dependencies = (
				FCA92BBD219E17CE00A3C839 /* PBXTargetDependency */,
			);
			name = AnimalFlappers;
			productName = AnimalFlappers;
			productReference = FCA92B84219E158C00A3C839 /* AnimalFlappers.app */;
			productType = "com.apple.product-type.application";
		};
		FCA92BA0219E17CC00A3C839 /* AnimalFlappersWK */ = {
			isa = PBXNativeTarget;
			buildConfigurationList = FCA92BC3219E17CE00A3C839 /* Build configuration list for PBXNativeTarget "AnimalFlappersWK" */;
			buildPhases = (
				FCA92B9F219E17CC00A3C839 /* Resources */,
				FCA92BC2219E17CE00A3C839 /* Embed App Extensions */,
			);
			buildRules = (
			);
			dependencies = (
				FCA92BB0219E17CE00A3C839 /* PBXTargetDependency */,
			);
			name = AnimalFlappersWK;
			productName = AnimalFlappersWK;
			productReference = FCA92BA1219E17CC00A3C839 /* AnimalFlappersWK.app */;
			productType = "com.apple.product-type.application.watchapp2";
		};
		FCA92BAC219E17CE00A3C839 /* AnimalFlappersWK Extension */ = {
			isa = PBXNativeTarget;
			buildConfigurationList = FCA92BBF219E17CE00A3C839 /* Build configuration list for PBXNativeTarget "AnimalFlappersWK Extension" */;
			buildPhases = (
				FCA92BA9219E17CE00A3C839 /* Sources */,
				FCA92BAA219E17CE00A3C839 /* Frameworks */,
				FCA92BAB219E17CE00A3C839 /* Resources */,
			);
			buildRules = (
			);
			dependencies = (
			);
			name = "AnimalFlappersWK Extension";
			productName = "AnimalFlappersWK Extension";
			productReference = FCA92BAD219E17CE00A3C839 /* AnimalFlappersWK Extension.appex */;
			productType = "com.apple.product-type.watchkit2-extension";
		};
/* End PBXNativeTarget section */

/* Begin PBXProject section */
		FCA92B7C219E158C00A3C839 /* Project object */ = {
			isa = PBXProject;
			attributes = {
				LastSwiftUpdateCheck = 1010;
				LastUpgradeCheck = 1000;
				ORGANIZATIONNAME = GreyCodeGroup;
				TargetAttributes = {
					FC25467821C2B615004B1588 = {
						CreatedOnToolsVersion = 10.1;
					};
					FCA92B83219E158C00A3C839 = {
						CreatedOnToolsVersion = 10.0;
					};
					FCA92BA0219E17CC00A3C839 = {
						CreatedOnToolsVersion = 10.0;
					};
					FCA92BAC219E17CE00A3C839 = {
						CreatedOnToolsVersion = 10.0;
					};
				};
			};
			buildConfigurationList = FCA92B7F219E158C00A3C839 /* Build configuration list for PBXProject "AnimalFlappers" */;
			compatibilityVersion = "Xcode 9.3";
			developmentRegion = en;
			hasScannedForEncodings = 0;
			knownRegions = (
				en,
				Base,
			);
			mainGroup = FCA92B7B219E158C00A3C839;
			productRefGroup = FCA92B85219E158C00A3C839 /* Products */;
			projectDirPath = "";
			projectRoot = "";
			targets = (
				FCA92B83219E158C00A3C839 /* AnimalFlappers */,
				FCA92BA0219E17CC00A3C839 /* AnimalFlappersWK */,
				FCA92BAC219E17CE00A3C839 /* AnimalFlappersWK Extension */,
				FC25467821C2B615004B1588 /* AnimalFlappersTV */,
			);
		};
/* End PBXProject section */

/* Begin PBXResourcesBuildPhase section */
		FC25467721C2B615004B1588 /* Resources */ = {
			isa = PBXResourcesBuildPhase;
			buildActionMask = 2147483647;
			files = (
				FC25468721C2B615004B1588 /* Main.storyboard in Resources */,
				FC25469621C2B7C8004B1588 /* GameBGMusic.mp3 in Resources */,
				FC25469B21C2B7CB004B1588 /* cat-1.png in Resources */,
				FC25469721C2B7C8004B1588 /* jump.mp3 in Resources */,
				FC25469321C2B7B5004B1588 /* Actions.sks in Resources */,
				FC25469A21C2B7CB004B1588 /* browncow.png in Resources */,
				FC25469221C2B7B2004B1588 /* GameScene.sks in Resources */,
				FC25469D21C2B7D4004B1588 /* Animals.atlas in Resources */,
				FC25469521C2B7C8004B1588 /* die.mp3 in Resources */,
				FC25469C21C2B7CB004B1588 /* eagle-1.png in Resources */,
				FC25469921C2B7CB004B1588 /* bird1.png in Resources */,
				FC25468921C2B617004B1588 /* Assets.xcassets in Resources */,
				FC25469E21C2B7DE004B1588 /* Assets.xcassets in Resources */,
				FC25469821C2B7C8004B1588 /* powerupGained.mp3 in Resources */,
			);
			runOnlyForDeploymentPostprocessing = 0;
		};
		FCA92B82219E158C00A3C839 /* Resources */ = {
			isa = PBXResourcesBuildPhase;
			buildActionMask = 2147483647;
			files = (
				FC2545FD21C19DC2004B1588 /* die.mp3 in Resources */,
				FC2545F221C1978A004B1588 /* bird1.png in Resources */,
				FC2545F021C1978A004B1588 /* browncow.png in Resources */,
				FCA92B93219E158C00A3C839 /* Main.storyboard in Resources */,
				FC2545F921C19DC2004B1588 /* jump.mp3 in Resources */,
				FC2545FC21C19DC2004B1588 /* powerupGained.mp3 in Resources */,
				FC2545EF21C1978A004B1588 /* eagle-1.png in Resources */,
				FC51FEF921A9C8F7002CB2A4 /* Animals.atlas in Resources */,
				FCA92B8A219E158C00A3C839 /* GameScene.sks in Resources */,
				FCA92B95219E158D00A3C839 /* Assets.xcassets in Resources */,
				FCA92B98219E158D00A3C839 /* LaunchScreen.storyboard in Resources */,
				FC2545F121C1978A004B1588 /* cat-1.png in Resources */,
				FC2545FB21C19DC2004B1588 /* GameBGMusic.mp3 in Resources */,
				FCA92B8C219E158C00A3C839 /* Actions.sks in Resources */,
			);
			runOnlyForDeploymentPostprocessing = 0;
		};
		FCA92B9F219E17CC00A3C839 /* Resources */ = {
			isa = PBXResourcesBuildPhase;
			buildActionMask = 2147483647;
			files = (
				FCA92BA7219E17CD00A3C839 /* Assets.xcassets in Resources */,
				FCA92BA5219E17CC00A3C839 /* Interface.storyboard in Resources */,
			);
			runOnlyForDeploymentPostprocessing = 0;
		};
		FCA92BAB219E17CE00A3C839 /* Resources */ = {
			isa = PBXResourcesBuildPhase;
			buildActionMask = 2147483647;
			files = (
				FCA92BB9219E17CE00A3C839 /* Assets.xcassets in Resources */,
			);
			runOnlyForDeploymentPostprocessing = 0;
		};
/* End PBXResourcesBuildPhase section */

/* Begin PBXSourcesBuildPhase section */
		FC25467521C2B615004B1588 /* Sources */ = {
			isa = PBXSourcesBuildPhase;
			buildActionMask = 2147483647;
			files = (
				FC25468221C2B615004B1588 /* GameSceneTV.swift in Sources */,
				FC25468421C2B615004B1588 /* GameViewController.swift in Sources */,
				FC25469121C2B7AF004B1588 /* GameScene.swift in Sources */,
				FC25469421C2B7B9004B1588 /* GameLogic.swift in Sources */,
				FC25467C21C2B615004B1588 /* AppDelegate.swift in Sources */,
			);
			runOnlyForDeploymentPostprocessing = 0;
		};
		FCA92B80219E158C00A3C839 /* Sources */ = {
			isa = PBXSourcesBuildPhase;
			buildActionMask = 2147483647;
			files = (
				FCA92B8E219E158C00A3C839 /* GameScene.swift in Sources */,
				FCA92B90219E158C00A3C839 /* GameViewController.swift in Sources */,
				FCF897CA21BC3A2100FECD93 /* LevelSelectorViewController.swift in Sources */,
				FCA92B88219E158C00A3C839 /* AppDelegate.swift in Sources */,
				FC2545DC21C1858D004B1588 /* ChooseAnimalViewController.swift in Sources */,
				FCA92BCC219F22D700A3C839 /* HomeViewController.swift in Sources */,
				FC51FEC921A9BF26002CB2A4 /* GameLogic.swift in Sources */,
			);
			runOnlyForDeploymentPostprocessing = 0;
		};
		FCA92BA9219E17CE00A3C839 /* Sources */ = {
			isa = PBXSourcesBuildPhase;
			buildActionMask = 2147483647;
			files = (
				FCA92BB7219E17CE00A3C839 /* NotificationController.swift in Sources */,
				FCA92BB5219E17CE00A3C839 /* ExtensionDelegate.swift in Sources */,
				FCA92BB3219E17CE00A3C839 /* InterfaceController.swift in Sources */,
			);
			runOnlyForDeploymentPostprocessing = 0;
		};
/* End PBXSourcesBuildPhase section */

/* Begin PBXTargetDependency section */
		FCA92BB0219E17CE00A3C839 /* PBXTargetDependency */ = {
			isa = PBXTargetDependency;
			target = FCA92BAC219E17CE00A3C839 /* AnimalFlappersWK Extension */;
			targetProxy = FCA92BAF219E17CE00A3C839 /* PBXContainerItemProxy */;
		};
		FCA92BBD219E17CE00A3C839 /* PBXTargetDependency */ = {
			isa = PBXTargetDependency;
			target = FCA92BA0219E17CC00A3C839 /* AnimalFlappersWK */;
			targetProxy = FCA92BBC219E17CE00A3C839 /* PBXContainerItemProxy */;
		};
/* End PBXTargetDependency section */

/* Begin PBXVariantGroup section */
		FC25468521C2B615004B1588 /* Main.storyboard */ = {
			isa = PBXVariantGroup;
			children = (
				FC25468621C2B615004B1588 /* Base */,
			);
			name = Main.storyboard;
			sourceTree = "<group>";
		};
		FCA92B91219E158C00A3C839 /* Main.storyboard */ = {
			isa = PBXVariantGroup;
			children = (
				FCA92B92219E158C00A3C839 /* Base */,
			);
			name = Main.storyboard;
			sourceTree = "<group>";
		};
		FCA92B96219E158D00A3C839 /* LaunchScreen.storyboard */ = {
			isa = PBXVariantGroup;
			children = (
				FCA92B97219E158D00A3C839 /* Base */,
			);
			name = LaunchScreen.storyboard;
			sourceTree = "<group>";
		};
		FCA92BA3219E17CC00A3C839 /* Interface.storyboard */ = {
			isa = PBXVariantGroup;
			children = (
				FCA92BA4219E17CC00A3C839 /* Base */,
			);
			name = Interface.storyboard;
			sourceTree = "<group>";
		};
/* End PBXVariantGroup section */

/* Begin XCBuildConfiguration section */
		FC25468C21C2B617004B1588 /* Debug */ = {
			isa = XCBuildConfiguration;
			buildSettings = {
				ASSETCATALOG_COMPILER_APPICON_NAME = "App Icon & Top Shelf Image";
				ASSETCATALOG_COMPILER_LAUNCHIMAGE_NAME = LaunchImage;
				CODE_SIGN_STYLE = Automatic;
				DEVELOPMENT_TEAM = W28JC3BNH3;
				INFOPLIST_FILE = AnimalFlappersTV/Info.plist;
				LD_RUNPATH_SEARCH_PATHS = (
					"$(inherited)",
					"@executable_path/Frameworks",
				);
				PRODUCT_BUNDLE_IDENTIFIER = me.GreyCodeGroup.AnimalFlappersTV;
				PRODUCT_NAME = "$(TARGET_NAME)";
				SDKROOT = appletvos;
				SWIFT_VERSION = 4.2;
				TARGETED_DEVICE_FAMILY = 3;
				TVOS_DEPLOYMENT_TARGET = 12.1;
			};
			name = Debug;
		};
		FC25468D21C2B617004B1588 /* Release */ = {
			isa = XCBuildConfiguration;
			buildSettings = {
				ASSETCATALOG_COMPILER_APPICON_NAME = "App Icon & Top Shelf Image";
				ASSETCATALOG_COMPILER_LAUNCHIMAGE_NAME = LaunchImage;
				CODE_SIGN_STYLE = Automatic;
				DEVELOPMENT_TEAM = W28JC3BNH3;
				INFOPLIST_FILE = AnimalFlappersTV/Info.plist;
				LD_RUNPATH_SEARCH_PATHS = (
					"$(inherited)",
					"@executable_path/Frameworks",
				);
				PRODUCT_BUNDLE_IDENTIFIER = me.GreyCodeGroup.AnimalFlappersTV;
				PRODUCT_NAME = "$(TARGET_NAME)";
				SDKROOT = appletvos;
				SWIFT_VERSION = 4.2;
				TARGETED_DEVICE_FAMILY = 3;
				TVOS_DEPLOYMENT_TARGET = 12.1;
			};
			name = Release;
		};
		FCA92B9A219E158D00A3C839 /* Debug */ = {
			isa = XCBuildConfiguration;
			buildSettings = {
				ALWAYS_SEARCH_USER_PATHS = NO;
				CLANG_ANALYZER_NONNULL = YES;
				CLANG_ANALYZER_NUMBER_OBJECT_CONVERSION = YES_AGGRESSIVE;
				CLANG_CXX_LANGUAGE_STANDARD = "gnu++14";
				CLANG_CXX_LIBRARY = "libc++";
				CLANG_ENABLE_MODULES = YES;
				CLANG_ENABLE_OBJC_ARC = YES;
				CLANG_ENABLE_OBJC_WEAK = YES;
				CLANG_WARN_BLOCK_CAPTURE_AUTORELEASING = YES;
				CLANG_WARN_BOOL_CONVERSION = YES;
				CLANG_WARN_COMMA = YES;
				CLANG_WARN_CONSTANT_CONVERSION = YES;
				CLANG_WARN_DEPRECATED_OBJC_IMPLEMENTATIONS = YES;
				CLANG_WARN_DIRECT_OBJC_ISA_USAGE = YES_ERROR;
				CLANG_WARN_DOCUMENTATION_COMMENTS = YES;
				CLANG_WARN_EMPTY_BODY = YES;
				CLANG_WARN_ENUM_CONVERSION = YES;
				CLANG_WARN_INFINITE_RECURSION = YES;
				CLANG_WARN_INT_CONVERSION = YES;
				CLANG_WARN_NON_LITERAL_NULL_CONVERSION = YES;
				CLANG_WARN_OBJC_IMPLICIT_RETAIN_SELF = YES;
				CLANG_WARN_OBJC_LITERAL_CONVERSION = YES;
				CLANG_WARN_OBJC_ROOT_CLASS = YES_ERROR;
				CLANG_WARN_RANGE_LOOP_ANALYSIS = YES;
				CLANG_WARN_STRICT_PROTOTYPES = YES;
				CLANG_WARN_SUSPICIOUS_MOVE = YES;
				CLANG_WARN_UNGUARDED_AVAILABILITY = YES_AGGRESSIVE;
				CLANG_WARN_UNREACHABLE_CODE = YES;
				CLANG_WARN__DUPLICATE_METHOD_MATCH = YES;
				CODE_SIGN_IDENTITY = "iPhone Developer";
				COPY_PHASE_STRIP = NO;
				DEBUG_INFORMATION_FORMAT = dwarf;
				ENABLE_STRICT_OBJC_MSGSEND = YES;
				ENABLE_TESTABILITY = YES;
				GCC_C_LANGUAGE_STANDARD = gnu11;
				GCC_DYNAMIC_NO_PIC = NO;
				GCC_NO_COMMON_BLOCKS = YES;
				GCC_OPTIMIZATION_LEVEL = 0;
				GCC_PREPROCESSOR_DEFINITIONS = (
					"DEBUG=1",
					"$(inherited)",
				);
				GCC_WARN_64_TO_32_BIT_CONVERSION = YES;
				GCC_WARN_ABOUT_RETURN_TYPE = YES_ERROR;
				GCC_WARN_UNDECLARED_SELECTOR = YES;
				GCC_WARN_UNINITIALIZED_AUTOS = YES_AGGRESSIVE;
				GCC_WARN_UNUSED_FUNCTION = YES;
				GCC_WARN_UNUSED_VARIABLE = YES;
				IPHONEOS_DEPLOYMENT_TARGET = 12.0;
				MTL_ENABLE_DEBUG_INFO = INCLUDE_SOURCE;
				MTL_FAST_MATH = YES;
				ONLY_ACTIVE_ARCH = YES;
				SDKROOT = iphoneos;
				SWIFT_ACTIVE_COMPILATION_CONDITIONS = DEBUG;
				SWIFT_OPTIMIZATION_LEVEL = "-Onone";
			};
			name = Debug;
		};
		FCA92B9B219E158D00A3C839 /* Release */ = {
			isa = XCBuildConfiguration;
			buildSettings = {
				ALWAYS_SEARCH_USER_PATHS = NO;
				CLANG_ANALYZER_NONNULL = YES;
				CLANG_ANALYZER_NUMBER_OBJECT_CONVERSION = YES_AGGRESSIVE;
				CLANG_CXX_LANGUAGE_STANDARD = "gnu++14";
				CLANG_CXX_LIBRARY = "libc++";
				CLANG_ENABLE_MODULES = YES;
				CLANG_ENABLE_OBJC_ARC = YES;
				CLANG_ENABLE_OBJC_WEAK = YES;
				CLANG_WARN_BLOCK_CAPTURE_AUTORELEASING = YES;
				CLANG_WARN_BOOL_CONVERSION = YES;
				CLANG_WARN_COMMA = YES;
				CLANG_WARN_CONSTANT_CONVERSION = YES;
				CLANG_WARN_DEPRECATED_OBJC_IMPLEMENTATIONS = YES;
				CLANG_WARN_DIRECT_OBJC_ISA_USAGE = YES_ERROR;
				CLANG_WARN_DOCUMENTATION_COMMENTS = YES;
				CLANG_WARN_EMPTY_BODY = YES;
				CLANG_WARN_ENUM_CONVERSION = YES;
				CLANG_WARN_INFINITE_RECURSION = YES;
				CLANG_WARN_INT_CONVERSION = YES;
				CLANG_WARN_NON_LITERAL_NULL_CONVERSION = YES;
				CLANG_WARN_OBJC_IMPLICIT_RETAIN_SELF = YES;
				CLANG_WARN_OBJC_LITERAL_CONVERSION = YES;
				CLANG_WARN_OBJC_ROOT_CLASS = YES_ERROR;
				CLANG_WARN_RANGE_LOOP_ANALYSIS = YES;
				CLANG_WARN_STRICT_PROTOTYPES = YES;
				CLANG_WARN_SUSPICIOUS_MOVE = YES;
				CLANG_WARN_UNGUARDED_AVAILABILITY = YES_AGGRESSIVE;
				CLANG_WARN_UNREACHABLE_CODE = YES;
				CLANG_WARN__DUPLICATE_METHOD_MATCH = YES;
				CODE_SIGN_IDENTITY = "iPhone Developer";
				COPY_PHASE_STRIP = NO;
				DEBUG_INFORMATION_FORMAT = "dwarf-with-dsym";
				ENABLE_NS_ASSERTIONS = NO;
				ENABLE_STRICT_OBJC_MSGSEND = YES;
				GCC_C_LANGUAGE_STANDARD = gnu11;
				GCC_NO_COMMON_BLOCKS = YES;
				GCC_WARN_64_TO_32_BIT_CONVERSION = YES;
				GCC_WARN_ABOUT_RETURN_TYPE = YES_ERROR;
				GCC_WARN_UNDECLARED_SELECTOR = YES;
				GCC_WARN_UNINITIALIZED_AUTOS = YES_AGGRESSIVE;
				GCC_WARN_UNUSED_FUNCTION = YES;
				GCC_WARN_UNUSED_VARIABLE = YES;
				IPHONEOS_DEPLOYMENT_TARGET = 12.0;
				MTL_ENABLE_DEBUG_INFO = NO;
				MTL_FAST_MATH = YES;
				SDKROOT = iphoneos;
				SWIFT_COMPILATION_MODE = wholemodule;
				SWIFT_OPTIMIZATION_LEVEL = "-O";
				VALIDATE_PRODUCT = YES;
			};
			name = Release;
		};
		FCA92B9D219E158D00A3C839 /* Debug */ = {
			isa = XCBuildConfiguration;
			buildSettings = {
				ASSETCATALOG_COMPILER_APPICON_NAME = AppIcon;
				CODE_SIGN_STYLE = Automatic;
				DEVELOPMENT_TEAM = W28JC3BNH3;
				INFOPLIST_FILE = AnimalFlappers/Info.plist;
				IPHONEOS_DEPLOYMENT_TARGET = 12.1;
				LD_RUNPATH_SEARCH_PATHS = (
					"$(inherited)",
					"@executable_path/Frameworks",
				);
				PRODUCT_BUNDLE_IDENTIFIER = me.GreyCodeGroup.AnimalFlappers;
				PRODUCT_NAME = "$(TARGET_NAME)";
				SWIFT_VERSION = 4.2;
				TARGETED_DEVICE_FAMILY = "1,2";
			};
			name = Debug;
		};
		FCA92B9E219E158D00A3C839 /* Release */ = {
			isa = XCBuildConfiguration;
			buildSettings = {
				ASSETCATALOG_COMPILER_APPICON_NAME = AppIcon;
				CODE_SIGN_STYLE = Automatic;
				DEVELOPMENT_TEAM = W28JC3BNH3;
				INFOPLIST_FILE = AnimalFlappers/Info.plist;
				IPHONEOS_DEPLOYMENT_TARGET = 12.1;
				LD_RUNPATH_SEARCH_PATHS = (
					"$(inherited)",
					"@executable_path/Frameworks",
				);
				PRODUCT_BUNDLE_IDENTIFIER = me.GreyCodeGroup.AnimalFlappers;
				PRODUCT_NAME = "$(TARGET_NAME)";
				SWIFT_VERSION = 4.2;
				TARGETED_DEVICE_FAMILY = "1,2";
			};
			name = Release;
		};
		FCA92BC0219E17CE00A3C839 /* Debug */ = {
			isa = XCBuildConfiguration;
			buildSettings = {
				ASSETCATALOG_COMPILER_COMPLICATION_NAME = Complication;
				CODE_SIGN_STYLE = Automatic;
				DEVELOPMENT_TEAM = W28JC3BNH3;
				INFOPLIST_FILE = "AnimalFlappersWK Extension/Info.plist";
				LD_RUNPATH_SEARCH_PATHS = (
					"$(inherited)",
					"@executable_path/Frameworks",
					"@executable_path/../../Frameworks",
				);
				PRODUCT_BUNDLE_IDENTIFIER = me.GreyCodeGroup.AnimalFlappers.watchkitapp.watchkitextension;
				PRODUCT_NAME = "${TARGET_NAME}";
				SDKROOT = watchos;
				SKIP_INSTALL = YES;
				SWIFT_VERSION = 4.2;
				TARGETED_DEVICE_FAMILY = 4;
				WATCHOS_DEPLOYMENT_TARGET = 5.0;
			};
			name = Debug;
		};
		FCA92BC1219E17CE00A3C839 /* Release */ = {
			isa = XCBuildConfiguration;
			buildSettings = {
				ASSETCATALOG_COMPILER_COMPLICATION_NAME = Complication;
				CODE_SIGN_STYLE = Automatic;
				DEVELOPMENT_TEAM = W28JC3BNH3;
				INFOPLIST_FILE = "AnimalFlappersWK Extension/Info.plist";
				LD_RUNPATH_SEARCH_PATHS = (
					"$(inherited)",
					"@executable_path/Frameworks",
					"@executable_path/../../Frameworks",
				);
				PRODUCT_BUNDLE_IDENTIFIER = me.GreyCodeGroup.AnimalFlappers.watchkitapp.watchkitextension;
				PRODUCT_NAME = "${TARGET_NAME}";
				SDKROOT = watchos;
				SKIP_INSTALL = YES;
				SWIFT_VERSION = 4.2;
				TARGETED_DEVICE_FAMILY = 4;
				WATCHOS_DEPLOYMENT_TARGET = 5.0;
			};
			name = Release;
		};
		FCA92BC4219E17CE00A3C839 /* Debug */ = {
			isa = XCBuildConfiguration;
			buildSettings = {
				ALWAYS_EMBED_SWIFT_STANDARD_LIBRARIES = YES;
				ASSETCATALOG_COMPILER_APPICON_NAME = AppIcon;
				CODE_SIGN_STYLE = Automatic;
				DEVELOPMENT_TEAM = W28JC3BNH3;
				IBSC_MODULE = AnimalFlappersWK_Extension;
				INFOPLIST_FILE = AnimalFlappersWK/Info.plist;
				PRODUCT_BUNDLE_IDENTIFIER = me.GreyCodeGroup.AnimalFlappers.watchkitapp;
				PRODUCT_NAME = "$(TARGET_NAME)";
				SDKROOT = watchos;
				SKIP_INSTALL = YES;
				SWIFT_VERSION = 4.2;
				TARGETED_DEVICE_FAMILY = 4;
				WATCHOS_DEPLOYMENT_TARGET = 5.0;
			};
			name = Debug;
		};
		FCA92BC5219E17CE00A3C839 /* Release */ = {
			isa = XCBuildConfiguration;
			buildSettings = {
				ALWAYS_EMBED_SWIFT_STANDARD_LIBRARIES = YES;
				ASSETCATALOG_COMPILER_APPICON_NAME = AppIcon;
				CODE_SIGN_STYLE = Automatic;
				DEVELOPMENT_TEAM = W28JC3BNH3;
				IBSC_MODULE = AnimalFlappersWK_Extension;
				INFOPLIST_FILE = AnimalFlappersWK/Info.plist;
				PRODUCT_BUNDLE_IDENTIFIER = me.GreyCodeGroup.AnimalFlappers.watchkitapp;
				PRODUCT_NAME = "$(TARGET_NAME)";
				SDKROOT = watchos;
				SKIP_INSTALL = YES;
				SWIFT_VERSION = 4.2;
				TARGETED_DEVICE_FAMILY = 4;
				WATCHOS_DEPLOYMENT_TARGET = 5.0;
			};
			name = Release;
		};
/* End XCBuildConfiguration section */

/* Begin XCConfigurationList section */
		FC25468B21C2B617004B1588 /* Build configuration list for PBXNativeTarget "AnimalFlappersTV" */ = {
			isa = XCConfigurationList;
			buildConfigurations = (
				FC25468C21C2B617004B1588 /* Debug */,
				FC25468D21C2B617004B1588 /* Release */,
			);
			defaultConfigurationIsVisible = 0;
			defaultConfigurationName = Release;
		};
		FCA92B7F219E158C00A3C839 /* Build configuration list for PBXProject "AnimalFlappers" */ = {
			isa = XCConfigurationList;
			buildConfigurations = (
				FCA92B9A219E158D00A3C839 /* Debug */,
				FCA92B9B219E158D00A3C839 /* Release */,
			);
			defaultConfigurationIsVisible = 0;
			defaultConfigurationName = Release;
		};
		FCA92B9C219E158D00A3C839 /* Build configuration list for PBXNativeTarget "AnimalFlappers" */ = {
			isa = XCConfigurationList;
			buildConfigurations = (
				FCA92B9D219E158D00A3C839 /* Debug */,
				FCA92B9E219E158D00A3C839 /* Release */,
			);
			defaultConfigurationIsVisible = 0;
			defaultConfigurationName = Release;
		};
		FCA92BBF219E17CE00A3C839 /* Build configuration list for PBXNativeTarget "AnimalFlappersWK Extension" */ = {
			isa = XCConfigurationList;
			buildConfigurations = (
				FCA92BC0219E17CE00A3C839 /* Debug */,
				FCA92BC1219E17CE00A3C839 /* Release */,
			);
			defaultConfigurationIsVisible = 0;
			defaultConfigurationName = Release;
		};
		FCA92BC3219E17CE00A3C839 /* Build configuration list for PBXNativeTarget "AnimalFlappersWK" */ = {
			isa = XCConfigurationList;
			buildConfigurations = (
				FCA92BC4219E17CE00A3C839 /* Debug */,
				FCA92BC5219E17CE00A3C839 /* Release */,
			);
			defaultConfigurationIsVisible = 0;
			defaultConfigurationName = Release;
		};
/* End XCConfigurationList section */
	};
	rootObject = FCA92B7C219E158C00A3C839 /* Project object */;
}
